
Microsoft Visual Studio Solution File, Format Version 12.00
# Visual Studio 15
VisualStudioVersion = 15.0.28307.1169
MinimumVisualStudioVersion = 10.0.40219.1
Project("{FAE04EC0-301F-11D3-BF4B-00C04F79EFBC}") = "PWA", "PWA\PWA.csproj", "{FC191CCD-38EE-40F0-AE6C-53878D4BDCDE}"
EndProject
Global
	GlobalSection(SolutionConfigurationPlatforms) = preSolution
		Debug|Any CPU = Debug|Any CPU
		Release|Any CPU = Release|Any CPU
	EndGlobalSection
	GlobalSection(ProjectConfigurationPlatforms) = postSolution
		{FC191CCD-38EE-40F0-AE6C-53878D4BDCDE}.Debug|Any CPU.ActiveCfg = Debug|Any CPU
		{FC191CCD-38EE-40F0-AE6C-53878D4BDCDE}.Debug|Any CPU.Build.0 = Debug|Any CPU
		{FC191CCD-38EE-40F0-AE6C-53878D4BDCDE}.Release|Any CPU.ActiveCfg = Release|Any CPU
		{FC191CCD-38EE-40F0-AE6C-53878D4BDCDE}.Release|Any CPU.Build.0 = Release|Any CPU
	EndGlobalSection
	GlobalSection(SolutionProperties) = preSolution
		HideSolutionNode = FALSE
	EndGlobalSection
	GlobalSection(ExtensibilityGlobals) = postSolution
		SolutionGuid = {7CF9851E-FD43-449C-B5B5-1FDAF3395CEA}
	EndGlobalSection
EndGlobal
